
Microsoft Visual Studio Solution File, Format Version 12.00
# Visual Studio Version 17
VisualStudioVersion = 17.7.34031.279
MinimumVisualStudioVersion = 10.0.40219.1
Project("{2150E333-8FDC-42A3-9474-1A3956D46DE8}") = "src", "src", "{467BFA1B-796D-4092-84B9-7872E6E9CBD0}"
EndProject
Project("{FAE04EC0-301F-11D3-BF4B-00C04F79EFBC}") = "WebAPI", "src\WebAPI\WebAPI.csproj", "{08307B53-569E-46E9-9F9F-55A243F0882C}"
EndProject
Project("{FAE04EC0-301F-11D3-BF4B-00C04F79EFBC}") = "Domain", "src\Domain\Domain.csproj", "{1EAAE5B4-0EE1-4304-8B9E-BA591AF6DC9C}"
EndProject
Project("{FAE04EC0-301F-11D3-BF4B-00C04F79EFBC}") = "DataAccess", "src\DataAccess\DataAccess.csproj", "{965BDDCA-B215-4AF8-89C1-729F5A1CA540}"
EndProject
Project("{FAE04EC0-301F-11D3-BF4B-00C04F79EFBC}") = "Core", "src\Core\Core.csproj", "{3D80BCF0-D851-40A6-AA74-8A465ABE8880}"
EndProject
Project("{FAE04EC0-301F-11D3-BF4B-00C04F79EFBC}") = "Business", "src\Business\Business.csproj", "{61356B55-F26E-42FD-8FE2-6049EAB32716}"
EndProject
Global
	GlobalSection(SolutionConfigurationPlatforms) = preSolution
		Debug|Any CPU = Debug|Any CPU
		Release|Any CPU = Release|Any CPU
	EndGlobalSection
	GlobalSection(ProjectConfigurationPlatforms) = postSolution
		{08307B53-569E-46E9-9F9F-55A243F0882C}.Debug|Any CPU.ActiveCfg = Debug|Any CPU
		{08307B53-569E-46E9-9F9F-55A243F0882C}.Debug|Any CPU.Build.0 = Debug|Any CPU
		{08307B53-569E-46E9-9F9F-55A243F0882C}.Release|Any CPU.ActiveCfg = Release|Any CPU
		{08307B53-569E-46E9-9F9F-55A243F0882C}.Release|Any CPU.Build.0 = Release|Any CPU
		{1EAAE5B4-0EE1-4304-8B9E-BA591AF6DC9C}.Debug|Any CPU.ActiveCfg = Debug|Any CPU
		{1EAAE5B4-0EE1-4304-8B9E-BA591AF6DC9C}.Debug|Any CPU.Build.0 = Debug|Any CPU
		{1EAAE5B4-0EE1-4304-8B9E-BA591AF6DC9C}.Release|Any CPU.ActiveCfg = Release|Any CPU
		{1EAAE5B4-0EE1-4304-8B9E-BA591AF6DC9C}.Release|Any CPU.Build.0 = Release|Any CPU
		{965BDDCA-B215-4AF8-89C1-729F5A1CA540}.Debug|Any CPU.ActiveCfg = Debug|Any CPU
		{965BDDCA-B215-4AF8-89C1-729F5A1CA540}.Debug|Any CPU.Build.0 = Debug|Any CPU
		{965BDDCA-B215-4AF8-89C1-729F5A1CA540}.Release|Any CPU.ActiveCfg = Release|Any CPU
		{965BDDCA-B215-4AF8-89C1-729F5A1CA540}.Release|Any CPU.Build.0 = Release|Any CPU
		{3D80BCF0-D851-40A6-AA74-8A465ABE8880}.Debug|Any CPU.ActiveCfg = Debug|Any CPU
		{3D80BCF0-D851-40A6-AA74-8A465ABE8880}.Debug|Any CPU.Build.0 = Debug|Any CPU
		{3D80BCF0-D851-40A6-AA74-8A465ABE8880}.Release|Any CPU.ActiveCfg = Release|Any CPU
		{3D80BCF0-D851-40A6-AA74-8A465ABE8880}.Release|Any CPU.Build.0 = Release|Any CPU
		{61356B55-F26E-42FD-8FE2-6049EAB32716}.Debug|Any CPU.ActiveCfg = Debug|Any CPU
		{61356B55-F26E-42FD-8FE2-6049EAB32716}.Debug|Any CPU.Build.0 = Debug|Any CPU
		{61356B55-F26E-42FD-8FE2-6049EAB32716}.Release|Any CPU.ActiveCfg = Release|Any CPU
		{61356B55-F26E-42FD-8FE2-6049EAB32716}.Release|Any CPU.Build.0 = Release|Any CPU
	EndGlobalSection
	GlobalSection(SolutionProperties) = preSolution
		HideSolutionNode = FALSE
	EndGlobalSection
	GlobalSection(NestedProjects) = preSolution
		{08307B53-569E-46E9-9F9F-55A243F0882C} = {467BFA1B-796D-4092-84B9-7872E6E9CBD0}
		{1EAAE5B4-0EE1-4304-8B9E-BA591AF6DC9C} = {467BFA1B-796D-4092-84B9-7872E6E9CBD0}
		{965BDDCA-B215-4AF8-89C1-729F5A1CA540} = {467BFA1B-796D-4092-84B9-7872E6E9CBD0}
		{3D80BCF0-D851-40A6-AA74-8A465ABE8880} = {467BFA1B-796D-4092-84B9-7872E6E9CBD0}
		{61356B55-F26E-42FD-8FE2-6049EAB32716} = {467BFA1B-796D-4092-84B9-7872E6E9CBD0}
	EndGlobalSection
	GlobalSection(ExtensibilityGlobals) = postSolution
		SolutionGuid = {EF71BE00-BE4D-4BF3-A271-C09BC5662BB8}
	EndGlobalSection
EndGlobal
